github.com/golang/glog v0.0.0-20160126235308-23def4e6c14b h1:VKtxabqXZkF25pY9ekfRL6a582T4P37/31XEstQ5p58=
github.com/golang/glog v0.0.0-20160126235308-23def4e6c14b/go.mod h1:SBH7ygxi8pfUlaOkMMuAQtPIUF8ecWP5IEl/CR7VP2Q=
github.com/hanwen/go-fuse v1.0.0 h1:GxS9Zrn6c35/BnfiVsZVWmsG803xwE7eVRDvcf/BEVc=
github.com/hanwen/go-fuse v1.0.0/go.mod h1:unqXarDXqzAk0rt98O2tVndEPIpUgLD9+rwFisZH3Ok=
github.com/hanwen/go-fuse/v2 v2.0.2 h1:BtsqKI5RXOqDMnTgpCb0IWgvRgGLJdqYVZ/Hm6KgKto=
github.com/hanwen/go-fuse/v2 v2.0.2/go.mod h1:HH3ygZOoyRbP9y2q7y3+JM6hPL+Epe29IbWaS0UA81o=
github.com/kylelemons/godebug v0.0.0-20170820004349-d65d576e9348/go.mod h1:B69LEHPfb2qLo0BaaOLcbitczOKLWTsrBG9LczfCD4k=
github.com/seaweedfs/fuse v0.0.0-20190510212405-310228904eff h1:uLd5zBvf5OA67wcVRePHrFt60bR4LSskaVhgVwyk0Jg=
github.com/seaweedfs/fuse v0.0.0-20190510212405-310228904eff/go.mod h1:cubdLmQFqEUZ9vNJrznhgc3m3VMAJi/nY2Ix2axXkG0=
go.uber.org/atomic v1.4.0 h1:cxzIVoETapQEqDhQu3QfnvXAV4AlzcvUCxkVUFw3+EU=
go.uber.org/atomic v1.4.0/go.mod h1:gD2HeocX3+yG+ygLZcrzQJaqmWj9AIm7n08wl/qW/PE=
go.uber.org/multierr v1.2.0 h1:6I+W7f5VwC5SV9dNrZ3qXrDB9mD0dyGOi/ZJmYw03T4=
go.uber.org/multierr v1.2.0/go.mod h1:wR5kodmAFQ0UK8QlbwjlSNy0Z68gJhDJUG5sjR94q/0=
go.uber.org/zap v1.10.0 h1:ORx85nbTijNz8ljznvCMR1ZBIPKFn3jQrag10X2AsuM=
go.uber.org/zap v1.10.0/go.mod h1:vwi/ZaCAaUcBkycHslxD9B2zi4UTXhF60s6SWpuDF0Q=
golang.org/x/sys v0.0.0-20180830151530-49385e6e1522 h1:Ve1ORMCxvRmSXBwJK+t3Oy+V2vRW2OetUQBq4rJIkZE=
golang.org/x/sys v0.0.0-20180830151530-49385e6e1522/go.mod h1:STP8DvDyc/dI5b8T5hshtkjS+E42TnysNCUPdjciGhY=
